<?xml version="1.0" encoding="utf-8"?>
<Project ToolsVersion="4.0" xmlns="http://schemas.microsoft.com/developer/msbuild/2003">
  <ItemGroup>
    <Filter Include="소스 파일">
      <UniqueIdentifier>{4FC737F1-C7A5-4376-A066-2A32D752A2FF}</UniqueIdentifier>
      <Extensions>cpp;c;cc;cxx;c++;cppm;ixx;def;odl;idl;hpj;bat;asm;asmx</Extensions>
    </Filter>
    <Filter Include="라이브러리">
      <UniqueIdentifier>{09daf7ec-e78a-4ff6-bbe9-7ffd9741ed84}</UniqueIdentifier>
    </Filter>
    <Filter Include="라이브러리\컨테이너">
      <UniqueIdentifier>{b0e8547d-3af1-4ee5-a076-db020c43aeea}</UniqueIdentifier>
    </Filter>
    <Filter Include="라이브러리\유틸">
      <UniqueIdentifier>{6129cf0c-7bab-4453-8c81-b3ff8d03a38f}</UniqueIdentifier>
    </Filter>
  </ItemGroup>
  <ItemGroup>
    <ClCompile Include="Main.cpp">
      <Filter>소스 파일</Filter>
    </ClCompile>
    <ClCompile Include="Network.cpp">
      <Filter>소스 파일</Filter>
    </ClCompile>
    <ClCompile Include="Container\RingBuffer.cpp">
      <Filter>라이브러리\컨테이너</Filter>
    </ClCompile>
    <ClCompile Include="Util\MyLog.cpp">
      <Filter>라이브러리\유틸</Filter>
    </ClCompile>
  </ItemGroup>
  <ItemGroup>
    <ClInclude Include="Main.h">
      <Filter>소스 파일</Filter>
    </ClInclude>
    <ClInclude Include="Network.h">
      <Filter>소스 파일</Filter>
    </ClInclude>
    <ClInclude Include="Container\List.h">
      <Filter>라이브러리\컨테이너</Filter>
    </ClInclude>
    <ClInclude Include="Container\RingBuffer.h">
      <Filter>라이브러리\컨테이너</Filter>
    </ClInclude>
    <ClInclude Include="Util\Util.h">
      <Filter>라이브러리\유틸</Filter>
    </ClInclude>
    <ClInclude Include="Message.h">
      <Filter>소스 파일</Filter>
    </ClInclude>
    <ClInclude Include="Util\MyLog.h">
      <Filter>라이브러리\유틸</Filter>
    </ClInclude>
  </ItemGroup>
</Project>